Microsoft Visual Studio Solution File, Format Version 12.00
# Visual Studio Version 17
VisualStudioVersion = 17.5.2.0
MinimumVisualStudioVersion = 10.0.40219.1
Project("{FAE04EC0-301F-11D3-BF4B-00C04F79EFBC}") = "CarRentalSystem", "CarRentalSystem.csproj", "{1B10E0E5-4D5B-0305-09E0-ABE6C1E449AF}"
EndProject
Global
	GlobalSection(SolutionConfigurationPlatforms) = preSolution
		Debug|Any CPU = Debug|Any CPU
		Release|Any CPU = Release|Any CPU
	EndGlobalSection
	GlobalSection(ProjectConfigurationPlatforms) = postSolution
		{1B10E0E5-4D5B-0305-09E0-ABE6C1E449AF}.Debug|Any CPU.ActiveCfg = Debug|Any CPU
		{1B10E0E5-4D5B-0305-09E0-ABE6C1E449AF}.Debug|Any CPU.Build.0 = Debug|Any CPU
		{1B10E0E5-4D5B-0305-09E0-ABE6C1E449AF}.Release|Any CPU.ActiveCfg = Release|Any CPU
		{1B10E0E5-4D5B-0305-09E0-ABE6C1E449AF}.Release|Any CPU.Build.0 = Release|Any CPU
	EndGlobalSection
	GlobalSection(SolutionProperties) = preSolution
		HideSolutionNode = FALSE
	EndGlobalSection
	GlobalSection(ExtensibilityGlobals) = postSolution
		SolutionGuid = {0FBC54F0-6052-4ADB-94B6-B9D89D5BB4DE}
	EndGlobalSection
EndGlobal
